
Microsoft Visual Studio Solution File, Format Version 12.00
# Visual Studio Version 17
VisualStudioVersion = 17.1.32407.343
MinimumVisualStudioVersion = 10.0.40219.1
Project("{FAE04EC0-301F-11D3-BF4B-00C04F79EFBC}") = "KamiyoStaticBLL", "KamiyoStaticBLL\KamiyoStaticBLL.csproj", "{052077E3-A386-4603-9557-AFACC7050691}"
EndProject
Project("{FAE04EC0-301F-11D3-BF4B-00C04F79EFBC}") = "KamiyoStaticHarmony", "KamiyoStaticHarmony\KamiyoStaticHarmony.csproj", "{B857FE2C-DC7F-4917-BDDC-51EC4EF1CA9F}"
EndProject
Project("{FAE04EC0-301F-11D3-BF4B-00C04F79EFBC}") = "KamiyoStaticUtil", "KamiyoStaticUtil\KamiyoStaticUtil.csproj", "{F915D7A0-6CE0-4588-8367-B4C2CA1283A8}"
EndProject
Global
	GlobalSection(SolutionConfigurationPlatforms) = preSolution
		Debug|Any CPU = Debug|Any CPU
		Release|Any CPU = Release|Any CPU
	EndGlobalSection
	GlobalSection(ProjectConfigurationPlatforms) = postSolution
		{052077E3-A386-4603-9557-AFACC7050691}.Debug|Any CPU.ActiveCfg = Debug|Any CPU
		{052077E3-A386-4603-9557-AFACC7050691}.Debug|Any CPU.Build.0 = Debug|Any CPU
		{052077E3-A386-4603-9557-AFACC7050691}.Release|Any CPU.ActiveCfg = Release|Any CPU
		{052077E3-A386-4603-9557-AFACC7050691}.Release|Any CPU.Build.0 = Release|Any CPU
		{B857FE2C-DC7F-4917-BDDC-51EC4EF1CA9F}.Debug|Any CPU.ActiveCfg = Debug|Any CPU
		{B857FE2C-DC7F-4917-BDDC-51EC4EF1CA9F}.Debug|Any CPU.Build.0 = Debug|Any CPU
		{B857FE2C-DC7F-4917-BDDC-51EC4EF1CA9F}.Release|Any CPU.ActiveCfg = Release|Any CPU
		{B857FE2C-DC7F-4917-BDDC-51EC4EF1CA9F}.Release|Any CPU.Build.0 = Release|Any CPU
		{F915D7A0-6CE0-4588-8367-B4C2CA1283A8}.Debug|Any CPU.ActiveCfg = Debug|Any CPU
		{F915D7A0-6CE0-4588-8367-B4C2CA1283A8}.Debug|Any CPU.Build.0 = Debug|Any CPU
		{F915D7A0-6CE0-4588-8367-B4C2CA1283A8}.Release|Any CPU.ActiveCfg = Release|Any CPU
		{F915D7A0-6CE0-4588-8367-B4C2CA1283A8}.Release|Any CPU.Build.0 = Release|Any CPU
	EndGlobalSection
	GlobalSection(SolutionProperties) = preSolution
		HideSolutionNode = FALSE
	EndGlobalSection
	GlobalSection(ExtensibilityGlobals) = postSolution
		SolutionGuid = {98F8A1F7-9D00-4AC2-ACE6-9B984C230AD3}
	EndGlobalSection
EndGlobal
